
Microsoft Visual Studio Solution File, Format Version 12.00
# Visual Studio Version 17
VisualStudioVersion = 17.0.32228.444
MinimumVisualStudioVersion = 10.0.40219.1
Project("{FAE04EC0-301F-11D3-BF4B-00C04F79EFBC}") = "dss-file-spec", "dss\dss.csproj", "{5CA64D37-9881-41E0-ABE8-05831CC1A3E0}"
EndProject
Project("{FAE04EC0-301F-11D3-BF4B-00C04F79EFBC}") = "dss-cmd", "dss-cmd\dss-cmd.csproj", "{27392070-B416-48B2-A02D-9E3555143086}"
EndProject
Global
	GlobalSection(SolutionConfigurationPlatforms) = preSolution
		Debug|Any CPU = Debug|Any CPU
		Release|Any CPU = Release|Any CPU
	EndGlobalSection
	GlobalSection(ProjectConfigurationPlatforms) = postSolution
		{5CA64D37-9881-41E0-ABE8-05831CC1A3E0}.Debug|Any CPU.ActiveCfg = Debug|Any CPU
		{5CA64D37-9881-41E0-ABE8-05831CC1A3E0}.Debug|Any CPU.Build.0 = Debug|Any CPU
		{5CA64D37-9881-41E0-ABE8-05831CC1A3E0}.Release|Any CPU.ActiveCfg = Release|Any CPU
		{5CA64D37-9881-41E0-ABE8-05831CC1A3E0}.Release|Any CPU.Build.0 = Release|Any CPU
		{27392070-B416-48B2-A02D-9E3555143086}.Debug|Any CPU.ActiveCfg = Debug|Any CPU
		{27392070-B416-48B2-A02D-9E3555143086}.Debug|Any CPU.Build.0 = Debug|Any CPU
		{27392070-B416-48B2-A02D-9E3555143086}.Release|Any CPU.ActiveCfg = Release|Any CPU
		{27392070-B416-48B2-A02D-9E3555143086}.Release|Any CPU.Build.0 = Release|Any CPU
	EndGlobalSection
	GlobalSection(SolutionProperties) = preSolution
		HideSolutionNode = FALSE
	EndGlobalSection
	GlobalSection(ExtensibilityGlobals) = postSolution
		SolutionGuid = {146A5EC2-DE26-4325-973E-40107A817B49}
	EndGlobalSection
EndGlobal
